
Microsoft Visual Studio Solution File, Format Version 12.00
# Visual Studio 15
VisualStudioVersion = 15.0.28010.2016
MinimumVisualStudioVersion = 10.0.40219.1
Project("{FAE04EC0-301F-11D3-BF4B-00C04F79EFBC}") = "SEC", "SEC\SEC.csproj", "{965C6979-420C-4948-B4F4-64C82E3169A2}"
EndProject
Project("{FAE04EC0-301F-11D3-BF4B-00C04F79EFBC}") = "Sciendo.ExGraph.Process", "Sciendo.ExGraph.Process\Sciendo.ExGraph.Process.csproj", "{0164B0D7-CB7F-40DC-8E32-5583E728BBA4}"
EndProject
Project("{9A19103F-16F7-4668-BE54-9A1E7A4F7556}") = "Sciendo.Config", "..\..\Sciendo.Topper\Topper\Sciendo.Config\Sciendo.Config.csproj", "{81956158-0D82-4C21-9788-83558AEAD054}"
EndProject
Global
	GlobalSection(SolutionConfigurationPlatforms) = preSolution
		Debug|Any CPU = Debug|Any CPU
		Release|Any CPU = Release|Any CPU
	EndGlobalSection
	GlobalSection(ProjectConfigurationPlatforms) = postSolution
		{965C6979-420C-4948-B4F4-64C82E3169A2}.Debug|Any CPU.ActiveCfg = Debug|Any CPU
		{965C6979-420C-4948-B4F4-64C82E3169A2}.Debug|Any CPU.Build.0 = Debug|Any CPU
		{965C6979-420C-4948-B4F4-64C82E3169A2}.Release|Any CPU.ActiveCfg = Release|Any CPU
		{965C6979-420C-4948-B4F4-64C82E3169A2}.Release|Any CPU.Build.0 = Release|Any CPU
		{0164B0D7-CB7F-40DC-8E32-5583E728BBA4}.Debug|Any CPU.ActiveCfg = Debug|Any CPU
		{0164B0D7-CB7F-40DC-8E32-5583E728BBA4}.Debug|Any CPU.Build.0 = Debug|Any CPU
		{0164B0D7-CB7F-40DC-8E32-5583E728BBA4}.Release|Any CPU.ActiveCfg = Release|Any CPU
		{0164B0D7-CB7F-40DC-8E32-5583E728BBA4}.Release|Any CPU.Build.0 = Release|Any CPU
		{81956158-0D82-4C21-9788-83558AEAD054}.Debug|Any CPU.ActiveCfg = Debug|Any CPU
		{81956158-0D82-4C21-9788-83558AEAD054}.Debug|Any CPU.Build.0 = Debug|Any CPU
		{81956158-0D82-4C21-9788-83558AEAD054}.Release|Any CPU.ActiveCfg = Release|Any CPU
		{81956158-0D82-4C21-9788-83558AEAD054}.Release|Any CPU.Build.0 = Release|Any CPU
	EndGlobalSection
	GlobalSection(SolutionProperties) = preSolution
		HideSolutionNode = FALSE
	EndGlobalSection
	GlobalSection(ExtensibilityGlobals) = postSolution
		SolutionGuid = {4747482B-F5BC-49BD-A956-35E0C95D71D9}
	EndGlobalSection
EndGlobal
